
Microsoft Visual Studio Solution File, Format Version 10.00
# Visual Studio 2008
Project("{FAE04EC0-301F-11D3-BF4B-00C04F79EFBC}") = "PurpleWrapper", "..\libpurple\wrapper\PurpleWrapper.csproj", "{8034DEA9-30CC-DEA0-3903-80210CE809FA}"
	ProjectSection(ProjectDependencies) = postProject
		{9F347485-0492-4473-B597-0444687EEE3F} = {9F347485-0492-4473-B597-0444687EEE3F}
	EndProjectSection
EndProject
Project("{FAE04EC0-301F-11D3-BF4B-00C04F79EFBC}") = "Penguin", "Penguin\Penguin.csproj", "{16F97E97-B16F-49B2-A8E0-049E57963361}"
	ProjectSection(ProjectDependencies) = postProject
		{8034DEA9-30CC-DEA0-3903-80210CE809FA} = {8034DEA9-30CC-DEA0-3903-80210CE809FA}
	EndProjectSection
EndProject
Project("{2150E333-8FDC-42A3-9474-1A3956D46DE8}") = "libpurple", "libpurple", "{F7CE879A-78D1-4738-88F8-6EA6DFDB3172}"
EndProject
Project("{2150E333-8FDC-42A3-9474-1A3956D46DE8}") = "wrapper", "wrapper", "{259F3184-C992-4858-AB00-3147438B280E}"
EndProject
Project("{2150E333-8FDC-42A3-9474-1A3956D46DE8}") = "libpurple", "libpurple", "{4A4BF248-A1B7-462A-B9CB-055D7FA49ADC}"
EndProject
Project("{2150E333-8FDC-42A3-9474-1A3956D46DE8}") = "prpls", "prpls", "{EFC2778C-4E9C-4BE1-8F58-C73086B847CF}"
EndProject
Project("{8BC9CEB8-8B4A-11D0-8D11-00A0C91BC942}") = "glib-generated", "GLib\glib\win32\oa\glib-generated.vcproj", "{85DCFF40-BF5B-459A-BF20-377472BBF846}"
EndProject
Project("{8BC9CEB8-8B4A-11D0-8D11-00A0C91BC942}") = "glib-genmarshal", "GLib\glib\win32\oa\glib-genmarshal.vcproj", "{BD12E835-5C52-4E5D-8234-1C579F33E27A}"
EndProject
Project("{8BC9CEB8-8B4A-11D0-8D11-00A0C91BC942}") = "libglib", "GLib\glib\win32\oa\libglib.vcproj", "{12BCA020-EABF-429E-876A-A476BC9C10C0}"
	ProjectSection(ProjectDependencies) = postProject
		{85DCFF40-BF5B-459A-BF20-377472BBF846} = {85DCFF40-BF5B-459A-BF20-377472BBF846}
	EndProjectSection
EndProject
Project("{8BC9CEB8-8B4A-11D0-8D11-00A0C91BC942}") = "libgmodule", "GLib\glib\win32\oa\libgmodule.vcproj", "{4214047C-F5C1-40B3-8369-5DCED8C32770}"
	ProjectSection(ProjectDependencies) = postProject
		{85DCFF40-BF5B-459A-BF20-377472BBF846} = {85DCFF40-BF5B-459A-BF20-377472BBF846}
	EndProjectSection
EndProject
Project("{8BC9CEB8-8B4A-11D0-8D11-00A0C91BC942}") = "libgobject", "GLib\glib\win32\oa\libgobject.vcproj", "{F172EFFC-E30F-4593-809E-DB2024B1E753}"
	ProjectSection(ProjectDependencies) = postProject
		{4CEE3392-89AC-4367-B219-42360CF91CBB} = {4CEE3392-89AC-4367-B219-42360CF91CBB}
	EndProjectSection
EndProject
Project("{8BC9CEB8-8B4A-11D0-8D11-00A0C91BC942}") = "libgthread", "GLib\glib\win32\oa\libgthread.vcproj", "{C8AFB8C3-FFFD-460F-BC13-9AC25D7B117C}"
	ProjectSection(ProjectDependencies) = postProject
		{85DCFF40-BF5B-459A-BF20-377472BBF846} = {85DCFF40-BF5B-459A-BF20-377472BBF846}
	EndProjectSection
EndProject
Project("{8BC9CEB8-8B4A-11D0-8D11-00A0C91BC942}") = "libpcre", "GLib\glib\win32\oa\libpcre.vcproj", "{AE3F6497-7880-4C08-B6E2-3AF05BCFB671}"
	ProjectSection(ProjectDependencies) = postProject
		{85DCFF40-BF5B-459A-BF20-377472BBF846} = {85DCFF40-BF5B-459A-BF20-377472BBF846}
	EndProjectSection
EndProject
Project("{8BC9CEB8-8B4A-11D0-8D11-00A0C91BC942}") = "gobject-generated", "GLib\glib\win32\oa\gobject-generated.vcproj", "{4CEE3392-89AC-4367-B219-42360CF91CBB}"
EndProject
Project("{2150E333-8FDC-42A3-9474-1A3956D46DE8}") = "Dependencies", "Dependencies", "{3CC18A8E-B460-47C2-8FB5-B0EE8A3608D0}"
EndProject
Project("{2150E333-8FDC-42A3-9474-1A3956D46DE8}") = "GLib", "GLib", "{3F741360-ECE1-42FF-B8E9-96D4A5DD2A30}"
EndProject
Project("{8BC9CEB8-8B4A-11D0-8D11-00A0C91BC942}") = "libintl-proxy", "GLib\libintl-proxy\libintl-proxy.vcproj", "{CB7DC8B9-C2B8-4352-908E-9230BA9906EE}"
EndProject
Project("{2150E333-8FDC-42A3-9474-1A3956D46DE8}") = "GLibCore", "GLibCore", "{3FFFE88B-948B-4B8F-B843-264763B1EF37}"
EndProject
Project("{2150E333-8FDC-42A3-9474-1A3956D46DE8}") = "Tools", "Tools", "{51462126-2E74-41C9-BC24-DF55876732B7}"
EndProject
Project("{2150E333-8FDC-42A3-9474-1A3956D46DE8}") = "GModule", "GModule", "{B8DB17E1-CE45-4354-8B3E-767648F3A2BE}"
EndProject
Project("{2150E333-8FDC-42A3-9474-1A3956D46DE8}") = "GThread", "GThread", "{B3B22C2A-52B9-448F-8E13-8BCCFD6C0020}"
EndProject
Project("{2150E333-8FDC-42A3-9474-1A3956D46DE8}") = "GObject", "GObject", "{2D723AC0-293F-41C8-99A7-2DD8756556C7}"
EndProject
Project("{2150E333-8FDC-42A3-9474-1A3956D46DE8}") = "GIO", "GIO", "{E16DEC4D-DAF0-4415-A601-9B034BBFB630}"
EndProject
Project("{8BC9CEB8-8B4A-11D0-8D11-00A0C91BC942}") = "libgio", "GLib\glib\win32\oa\libgio.vcproj", "{66757FD0-C29F-4744-9C52-CE79E7E4289F}"
	ProjectSection(ProjectDependencies) = postProject
		{E28A4D3E-E995-499D-A920-D155E5EA4A79} = {E28A4D3E-E995-499D-A920-D155E5EA4A79}
		{4CEE3392-89AC-4367-B219-42360CF91CBB} = {4CEE3392-89AC-4367-B219-42360CF91CBB}
	EndProjectSection
EndProject
Project("{8BC9CEB8-8B4A-11D0-8D11-00A0C91BC942}") = "gio-generated", "GLib\glib\win32\oa\gio-generated.vcproj", "{E28A4D3E-E995-499D-A920-D155E5EA4A79}"
EndProject
Project("{2150E333-8FDC-42A3-9474-1A3956D46DE8}") = "Tests", "Tests", "{F0191CA8-AA6A-49D2-9E58-77A8334FB926}"
EndProject
Project("{8BC9CEB8-8B4A-11D0-8D11-00A0C91BC942}") = "glib-test-checksum", "GLib\glib\win32\oa\glib-test-checksum.vcproj", "{860FFAEE-5D5F-44DA-8ED0-0F6987229545}"
	ProjectSection(ProjectDependencies) = postProject
		{85DCFF40-BF5B-459A-BF20-377472BBF846} = {85DCFF40-BF5B-459A-BF20-377472BBF846}
	EndProjectSection
EndProject
Project("{8BC9CEB8-8B4A-11D0-8D11-00A0C91BC942}") = "glib-test-array", "GLib\glib\win32\oa\glib-test-array.vcproj", "{5E7C37E6-65DC-43EA-8C14-B325A8B3B2A7}"
	ProjectSection(ProjectDependencies) = postProject
		{85DCFF40-BF5B-459A-BF20-377472BBF846} = {85DCFF40-BF5B-459A-BF20-377472BBF846}
	EndProjectSection
EndProject
Project("{8BC9CEB8-8B4A-11D0-8D11-00A0C91BC942}") = "glib-test-asyncqueue", "GLib\glib\win32\oa\glib-test-asyncqueue.vcproj", "{9566788F-9AEE-47EB-8FBE-4A1766E805D8}"
	ProjectSection(ProjectDependencies) = postProject
		{85DCFF40-BF5B-459A-BF20-377472BBF846} = {85DCFF40-BF5B-459A-BF20-377472BBF846}
	EndProjectSection
EndProject
Project("{8BC9CEB8-8B4A-11D0-8D11-00A0C91BC942}") = "libpurple", "..\libpurple\win32\vs9\libpurple.vcproj", "{9F347485-0492-4473-B597-0444687EEE3F}"
EndProject
Global
	GlobalSection(SolutionConfigurationPlatforms) = preSolution
		Debug (Win32)|Any CPU = Debug (Win32)|Any CPU
		Debug (Win32)|Mixed Platforms = Debug (Win32)|Mixed Platforms
		Debug (Win32)|Win32 = Debug (Win32)|Win32
		Debug (Win32)|x64 = Debug (Win32)|x64
		Debug (Win32)|x86 = Debug (Win32)|x86
		Debug|Any CPU = Debug|Any CPU
		Debug|Mixed Platforms = Debug|Mixed Platforms
		Debug|Win32 = Debug|Win32
		Debug|x64 = Debug|x64
		Debug|x86 = Debug|x86
		Release|Any CPU = Release|Any CPU
		Release|Mixed Platforms = Release|Mixed Platforms
		Release|Win32 = Release|Win32
		Release|x64 = Release|x64
		Release|x86 = Release|x86
		ReleaseWdkCrt|Any CPU = ReleaseWdkCrt|Any CPU
		ReleaseWdkCrt|Mixed Platforms = ReleaseWdkCrt|Mixed Platforms
		ReleaseWdkCrt|Win32 = ReleaseWdkCrt|Win32
		ReleaseWdkCrt|x64 = ReleaseWdkCrt|x64
		ReleaseWdkCrt|x86 = ReleaseWdkCrt|x86
	EndGlobalSection
	GlobalSection(ProjectConfigurationPlatforms) = postSolution
		{8034DEA9-30CC-DEA0-3903-80210CE809FA}.Debug (Win32)|Any CPU.ActiveCfg = Debug (Win32)|Any CPU
		{8034DEA9-30CC-DEA0-3903-80210CE809FA}.Debug (Win32)|Any CPU.Build.0 = Debug (Win32)|Any CPU
		{8034DEA9-30CC-DEA0-3903-80210CE809FA}.Debug (Win32)|Mixed Platforms.ActiveCfg = Debug (Win32)|x86
		{8034DEA9-30CC-DEA0-3903-80210CE809FA}.Debug (Win32)|Mixed Platforms.Build.0 = Debug (Win32)|x86
		{8034DEA9-30CC-DEA0-3903-80210CE809FA}.Debug (Win32)|Win32.ActiveCfg = Debug (Win32)|x86
		{8034DEA9-30CC-DEA0-3903-80210CE809FA}.Debug (Win32)|Win32.Build.0 = Debug (Win32)|x86
		{8034DEA9-30CC-DEA0-3903-80210CE809FA}.Debug (Win32)|x64.ActiveCfg = Debug (Win32)|x86
		{8034DEA9-30CC-DEA0-3903-80210CE809FA}.Debug (Win32)|x86.ActiveCfg = Debug (Win32)|x86
		{8034DEA9-30CC-DEA0-3903-80210CE809FA}.Debug (Win32)|x86.Build.0 = Debug (Win32)|x86
		{8034DEA9-30CC-DEA0-3903-80210CE809FA}.Debug|Any CPU.ActiveCfg = Debug|Any CPU
		{8034DEA9-30CC-DEA0-3903-80210CE809FA}.Debug|Any CPU.Build.0 = Debug|Any CPU
		{8034DEA9-30CC-DEA0-3903-80210CE809FA}.Debug|Mixed Platforms.ActiveCfg = Debug|x86
		{8034DEA9-30CC-DEA0-3903-80210CE809FA}.Debug|Mixed Platforms.Build.0 = Debug|x86
		{8034DEA9-30CC-DEA0-3903-80210CE809FA}.Debug|Win32.ActiveCfg = Debug|x86
		{8034DEA9-30CC-DEA0-3903-80210CE809FA}.Debug|Win32.Build.0 = Debug|x86
		{8034DEA9-30CC-DEA0-3903-80210CE809FA}.Debug|x64.ActiveCfg = Debug|x86
		{8034DEA9-30CC-DEA0-3903-80210CE809FA}.Debug|x86.ActiveCfg = Debug|x86
		{8034DEA9-30CC-DEA0-3903-80210CE809FA}.Debug|x86.Build.0 = Debug|x86
		{8034DEA9-30CC-DEA0-3903-80210CE809FA}.Release|Any CPU.ActiveCfg = Release|Any CPU
		{8034DEA9-30CC-DEA0-3903-80210CE809FA}.Release|Any CPU.Build.0 = Release|Any CPU
		{8034DEA9-30CC-DEA0-3903-80210CE809FA}.Release|Mixed Platforms.ActiveCfg = Release|x86
		{8034DEA9-30CC-DEA0-3903-80210CE809FA}.Release|Mixed Platforms.Build.0 = Release|x86
		{8034DEA9-30CC-DEA0-3903-80210CE809FA}.Release|Win32.ActiveCfg = Release|x86
		{8034DEA9-30CC-DEA0-3903-80210CE809FA}.Release|x64.ActiveCfg = Release|x86
		{8034DEA9-30CC-DEA0-3903-80210CE809FA}.Release|x86.ActiveCfg = Release|x86
		{8034DEA9-30CC-DEA0-3903-80210CE809FA}.Release|x86.Build.0 = Release|x86
		{8034DEA9-30CC-DEA0-3903-80210CE809FA}.ReleaseWdkCrt|Any CPU.ActiveCfg = Release|x86
		{8034DEA9-30CC-DEA0-3903-80210CE809FA}.ReleaseWdkCrt|Mixed Platforms.ActiveCfg = Release|x86
		{8034DEA9-30CC-DEA0-3903-80210CE809FA}.ReleaseWdkCrt|Win32.ActiveCfg = Release|x86
		{8034DEA9-30CC-DEA0-3903-80210CE809FA}.ReleaseWdkCrt|x64.ActiveCfg = Release|x86
		{8034DEA9-30CC-DEA0-3903-80210CE809FA}.ReleaseWdkCrt|x86.ActiveCfg = Release|x86
		{16F97E97-B16F-49B2-A8E0-049E57963361}.Debug (Win32)|Any CPU.ActiveCfg = Debug (Win32)|Any CPU
		{16F97E97-B16F-49B2-A8E0-049E57963361}.Debug (Win32)|Any CPU.Build.0 = Debug (Win32)|Any CPU
		{16F97E97-B16F-49B2-A8E0-049E57963361}.Debug (Win32)|Mixed Platforms.ActiveCfg = Debug (Win32)|Any CPU
		{16F97E97-B16F-49B2-A8E0-049E57963361}.Debug (Win32)|Mixed Platforms.Build.0 = Debug (Win32)|Any CPU
		{16F97E97-B16F-49B2-A8E0-049E57963361}.Debug (Win32)|Win32.ActiveCfg = Debug (Win32)|Any CPU
		{16F97E97-B16F-49B2-A8E0-049E57963361}.Debug (Win32)|Win32.Build.0 = Debug (Win32)|Any CPU
		{16F97E97-B16F-49B2-A8E0-049E57963361}.Debug (Win32)|x64.ActiveCfg = Debug (Win32)|Any CPU
		{16F97E97-B16F-49B2-A8E0-049E57963361}.Debug (Win32)|x86.ActiveCfg = Debug (Win32)|Any CPU
		{16F97E97-B16F-49B2-A8E0-049E57963361}.Debug|Any CPU.ActiveCfg = Debug|Any CPU
		{16F97E97-B16F-49B2-A8E0-049E57963361}.Debug|Any CPU.Build.0 = Debug|Any CPU
		{16F97E97-B16F-49B2-A8E0-049E57963361}.Debug|Mixed Platforms.ActiveCfg = Debug|Any CPU
		{16F97E97-B16F-49B2-A8E0-049E57963361}.Debug|Mixed Platforms.Build.0 = Debug|Any CPU
		{16F97E97-B16F-49B2-A8E0-049E57963361}.Debug|Win32.ActiveCfg = Debug|Any CPU
		{16F97E97-B16F-49B2-A8E0-049E57963361}.Debug|Win32.Build.0 = Debug|Any CPU
		{16F97E97-B16F-49B2-A8E0-049E57963361}.Debug|x64.ActiveCfg = Debug|Any CPU
		{16F97E97-B16F-49B2-A8E0-049E57963361}.Debug|x86.ActiveCfg = Debug|Any CPU
		{16F97E97-B16F-49B2-A8E0-049E57963361}.Release|Any CPU.ActiveCfg = Release|Any CPU
		{16F97E97-B16F-49B2-A8E0-049E57963361}.Release|Any CPU.Build.0 = Release|Any CPU
		{16F97E97-B16F-49B2-A8E0-049E57963361}.Release|Mixed Platforms.ActiveCfg = Release|Any CPU
		{16F97E97-B16F-49B2-A8E0-049E57963361}.Release|Mixed Platforms.Build.0 = Release|Any CPU
		{16F97E97-B16F-49B2-A8E0-049E57963361}.Release|Win32.ActiveCfg = Release|Any CPU
		{16F97E97-B16F-49B2-A8E0-049E57963361}.Release|x64.ActiveCfg = Release|Any CPU
		{16F97E97-B16F-49B2-A8E0-049E57963361}.Release|x86.ActiveCfg = Release|Any CPU
		{16F97E97-B16F-49B2-A8E0-049E57963361}.ReleaseWdkCrt|Any CPU.ActiveCfg = Release|Any CPU
		{16F97E97-B16F-49B2-A8E0-049E57963361}.ReleaseWdkCrt|Mixed Platforms.ActiveCfg = Release|Any CPU
		{16F97E97-B16F-49B2-A8E0-049E57963361}.ReleaseWdkCrt|Win32.ActiveCfg = Release|Any CPU
		{16F97E97-B16F-49B2-A8E0-049E57963361}.ReleaseWdkCrt|x64.ActiveCfg = Release|Any CPU
		{16F97E97-B16F-49B2-A8E0-049E57963361}.ReleaseWdkCrt|x86.ActiveCfg = Release|Any CPU
		{85DCFF40-BF5B-459A-BF20-377472BBF846}.Debug (Win32)|Any CPU.ActiveCfg = Debug (Win32)|x64
		{85DCFF40-BF5B-459A-BF20-377472BBF846}.Debug (Win32)|Mixed Platforms.ActiveCfg = Debug (Win32)|x64
		{85DCFF40-BF5B-459A-BF20-377472BBF846}.Debug (Win32)|Mixed Platforms.Build.0 = Debug (Win32)|x64
		{85DCFF40-BF5B-459A-BF20-377472BBF846}.Debug (Win32)|Win32.ActiveCfg = Debug (Win32)|Win32
		{85DCFF40-BF5B-459A-BF20-377472BBF846}.Debug (Win32)|Win32.Build.0 = Debug (Win32)|Win32
		{85DCFF40-BF5B-459A-BF20-377472BBF846}.Debug (Win32)|x64.ActiveCfg = Debug (Win32)|x64
		{85DCFF40-BF5B-459A-BF20-377472BBF846}.Debug (Win32)|x64.Build.0 = Debug (Win32)|x64
		{85DCFF40-BF5B-459A-BF20-377472BBF846}.Debug (Win32)|x86.ActiveCfg = Debug (Win32)|x64
		{85DCFF40-BF5B-459A-BF20-377472BBF846}.Debug|Any CPU.ActiveCfg = Debug|x64
		{85DCFF40-BF5B-459A-BF20-377472BBF846}.Debug|Mixed Platforms.ActiveCfg = Debug|x64
		{85DCFF40-BF5B-459A-BF20-377472BBF846}.Debug|Win32.ActiveCfg = Debug|Win32
		{85DCFF40-BF5B-459A-BF20-377472BBF846}.Debug|Win32.Build.0 = Debug|Win32
		{85DCFF40-BF5B-459A-BF20-377472BBF846}.Debug|x64.ActiveCfg = Debug|x64
		{85DCFF40-BF5B-459A-BF20-377472BBF846}.Debug|x64.Build.0 = Debug|x64
		{85DCFF40-BF5B-459A-BF20-377472BBF846}.Debug|x86.ActiveCfg = Debug|x64
		{85DCFF40-BF5B-459A-BF20-377472BBF846}.Release|Any CPU.ActiveCfg = Release|x64
		{85DCFF40-BF5B-459A-BF20-377472BBF846}.Release|Mixed Platforms.ActiveCfg = Release|x64
		{85DCFF40-BF5B-459A-BF20-377472BBF846}.Release|Win32.ActiveCfg = Release|Win32
		{85DCFF40-BF5B-459A-BF20-377472BBF846}.Release|Win32.Build.0 = Release|Win32
		{85DCFF40-BF5B-459A-BF20-377472BBF846}.Release|x64.ActiveCfg = Release|x64
		{85DCFF40-BF5B-459A-BF20-377472BBF846}.Release|x64.Build.0 = Release|x64
		{85DCFF40-BF5B-459A-BF20-377472BBF846}.Release|x86.ActiveCfg = Release|x64
		{85DCFF40-BF5B-459A-BF20-377472BBF846}.ReleaseWdkCrt|Any CPU.ActiveCfg = ReleaseWdkCrt|x64
		{85DCFF40-BF5B-459A-BF20-377472BBF846}.ReleaseWdkCrt|Mixed Platforms.ActiveCfg = ReleaseWdkCrt|x64
		{85DCFF40-BF5B-459A-BF20-377472BBF846}.ReleaseWdkCrt|Win32.ActiveCfg = ReleaseWdkCrt|Win32
		{85DCFF40-BF5B-459A-BF20-377472BBF846}.ReleaseWdkCrt|Win32.Build.0 = ReleaseWdkCrt|Win32
		{85DCFF40-BF5B-459A-BF20-377472BBF846}.ReleaseWdkCrt|x64.ActiveCfg = ReleaseWdkCrt|x64
		{85DCFF40-BF5B-459A-BF20-377472BBF846}.ReleaseWdkCrt|x64.Build.0 = ReleaseWdkCrt|x64
		{85DCFF40-BF5B-459A-BF20-377472BBF846}.ReleaseWdkCrt|x86.ActiveCfg = ReleaseWdkCrt|x64
		{BD12E835-5C52-4E5D-8234-1C579F33E27A}.Debug (Win32)|Any CPU.ActiveCfg = Debug (Win32)|x64
		{BD12E835-5C52-4E5D-8234-1C579F33E27A}.Debug (Win32)|Mixed Platforms.ActiveCfg = Debug (Win32)|x64
		{BD12E835-5C52-4E5D-8234-1C579F33E27A}.Debug (Win32)|Mixed Platforms.Build.0 = Debug (Win32)|x64
		{BD12E835-5C52-4E5D-8234-1C579F33E27A}.Debug (Win32)|Win32.ActiveCfg = Debug (Win32)|Win32
		{BD12E835-5C52-4E5D-8234-1C579F33E27A}.Debug (Win32)|Win32.Build.0 = Debug (Win32)|Win32
		{BD12E835-5C52-4E5D-8234-1C579F33E27A}.Debug (Win32)|x64.ActiveCfg = Debug (Win32)|x64
		{BD12E835-5C52-4E5D-8234-1C579F33E27A}.Debug (Win32)|x64.Build.0 = Debug (Win32)|x64
		{BD12E835-5C52-4E5D-8234-1C579F33E27A}.Debug (Win32)|x86.ActiveCfg = Debug (Win32)|x64
		{BD12E835-5C52-4E5D-8234-1C579F33E27A}.Debug|Any CPU.ActiveCfg = Debug|x64
		{BD12E835-5C52-4E5D-8234-1C579F33E27A}.Debug|Mixed Platforms.ActiveCfg = Debug|x64
		{BD12E835-5C52-4E5D-8234-1C579F33E27A}.Debug|Win32.ActiveCfg = Debug|Win32
		{BD12E835-5C52-4E5D-8234-1C579F33E27A}.Debug|Win32.Build.0 = Debug|Win32
		{BD12E835-5C52-4E5D-8234-1C579F33E27A}.Debug|x64.ActiveCfg = Debug|x64
		{BD12E835-5C52-4E5D-8234-1C579F33E27A}.Debug|x64.Build.0 = Debug|x64
		{BD12E835-5C52-4E5D-8234-1C579F33E27A}.Debug|x86.ActiveCfg = Debug|x64
		{BD12E835-5C52-4E5D-8234-1C579F33E27A}.Release|Any CPU.ActiveCfg = Release|x64
		{BD12E835-5C52-4E5D-8234-1C579F33E27A}.Release|Mixed Platforms.ActiveCfg = Release|x64
		{BD12E835-5C52-4E5D-8234-1C579F33E27A}.Release|Win32.ActiveCfg = Release|Win32
		{BD12E835-5C52-4E5D-8234-1C579F33E27A}.Release|Win32.Build.0 = Release|Win32
		{BD12E835-5C52-4E5D-8234-1C579F33E27A}.Release|x64.ActiveCfg = Release|x64
		{BD12E835-5C52-4E5D-8234-1C579F33E27A}.Release|x64.Build.0 = Release|x64
		{BD12E835-5C52-4E5D-8234-1C579F33E27A}.Release|x86.ActiveCfg = Release|x64
		{BD12E835-5C52-4E5D-8234-1C579F33E27A}.ReleaseWdkCrt|Any CPU.ActiveCfg = ReleaseWdkCrt|x64
		{BD12E835-5C52-4E5D-8234-1C579F33E27A}.ReleaseWdkCrt|Mixed Platforms.ActiveCfg = ReleaseWdkCrt|x64
		{BD12E835-5C52-4E5D-8234-1C579F33E27A}.ReleaseWdkCrt|Win32.ActiveCfg = ReleaseWdkCrt|Win32
		{BD12E835-5C52-4E5D-8234-1C579F33E27A}.ReleaseWdkCrt|Win32.Build.0 = ReleaseWdkCrt|Win32
		{BD12E835-5C52-4E5D-8234-1C579F33E27A}.ReleaseWdkCrt|x64.ActiveCfg = ReleaseWdkCrt|x64
		{BD12E835-5C52-4E5D-8234-1C579F33E27A}.ReleaseWdkCrt|x64.Build.0 = ReleaseWdkCrt|x64
		{BD12E835-5C52-4E5D-8234-1C579F33E27A}.ReleaseWdkCrt|x86.ActiveCfg = ReleaseWdkCrt|x64
		{12BCA020-EABF-429E-876A-A476BC9C10C0}.Debug (Win32)|Any CPU.ActiveCfg = Debug (Win32)|x64
		{12BCA020-EABF-429E-876A-A476BC9C10C0}.Debug (Win32)|Mixed Platforms.ActiveCfg = Debug (Win32)|x64
		{12BCA020-EABF-429E-876A-A476BC9C10C0}.Debug (Win32)|Mixed Platforms.Build.0 = Debug (Win32)|x64
		{12BCA020-EABF-429E-876A-A476BC9C10C0}.Debug (Win32)|Win32.ActiveCfg = Debug (Win32)|Win32
		{12BCA020-EABF-429E-876A-A476BC9C10C0}.Debug (Win32)|Win32.Build.0 = Debug (Win32)|Win32
		{12BCA020-EABF-429E-876A-A476BC9C10C0}.Debug (Win32)|x64.ActiveCfg = Debug (Win32)|x64
		{12BCA020-EABF-429E-876A-A476BC9C10C0}.Debug (Win32)|x64.Build.0 = Debug (Win32)|x64
		{12BCA020-EABF-429E-876A-A476BC9C10C0}.Debug (Win32)|x86.ActiveCfg = Debug (Win32)|x64
		{12BCA020-EABF-429E-876A-A476BC9C10C0}.Debug|Any CPU.ActiveCfg = Debug|x64
		{12BCA020-EABF-429E-876A-A476BC9C10C0}.Debug|Mixed Platforms.ActiveCfg = Debug|x64
		{12BCA020-EABF-429E-876A-A476BC9C10C0}.Debug|Win32.ActiveCfg = Debug|Win32
		{12BCA020-EABF-429E-876A-A476BC9C10C0}.Debug|Win32.Build.0 = Debug|Win32
		{12BCA020-EABF-429E-876A-A476BC9C10C0}.Debug|x64.ActiveCfg = Debug|x64
		{12BCA020-EABF-429E-876A-A476BC9C10C0}.Debug|x64.Build.0 = Debug|x64
		{12BCA020-EABF-429E-876A-A476BC9C10C0}.Debug|x86.ActiveCfg = Debug|x64
		{12BCA020-EABF-429E-876A-A476BC9C10C0}.Release|Any CPU.ActiveCfg = Release|x64
		{12BCA020-EABF-429E-876A-A476BC9C10C0}.Release|Mixed Platforms.ActiveCfg = Release|x64
		{12BCA020-EABF-429E-876A-A476BC9C10C0}.Release|Win32.ActiveCfg = Release|Win32
		{12BCA020-EABF-429E-876A-A476BC9C10C0}.Release|Win32.Build.0 = Release|Win32
		{12BCA020-EABF-429E-876A-A476BC9C10C0}.Release|x64.ActiveCfg = Release|x64
		{12BCA020-EABF-429E-876A-A476BC9C10C0}.Release|x64.Build.0 = Release|x64
		{12BCA020-EABF-429E-876A-A476BC9C10C0}.Release|x86.ActiveCfg = Release|x64
		{12BCA020-EABF-429E-876A-A476BC9C10C0}.ReleaseWdkCrt|Any CPU.ActiveCfg = ReleaseWdkCrt|x64
		{12BCA020-EABF-429E-876A-A476BC9C10C0}.ReleaseWdkCrt|Mixed Platforms.ActiveCfg = ReleaseWdkCrt|x64
		{12BCA020-EABF-429E-876A-A476BC9C10C0}.ReleaseWdkCrt|Win32.ActiveCfg = ReleaseWdkCrt|Win32
		{12BCA020-EABF-429E-876A-A476BC9C10C0}.ReleaseWdkCrt|Win32.Build.0 = ReleaseWdkCrt|Win32
		{12BCA020-EABF-429E-876A-A476BC9C10C0}.ReleaseWdkCrt|x64.ActiveCfg = ReleaseWdkCrt|x64
		{12BCA020-EABF-429E-876A-A476BC9C10C0}.ReleaseWdkCrt|x64.Build.0 = ReleaseWdkCrt|x64
		{12BCA020-EABF-429E-876A-A476BC9C10C0}.ReleaseWdkCrt|x86.ActiveCfg = ReleaseWdkCrt|x64
		{4214047C-F5C1-40B3-8369-5DCED8C32770}.Debug (Win32)|Any CPU.ActiveCfg = Debug (Win32)|x64
		{4214047C-F5C1-40B3-8369-5DCED8C32770}.Debug (Win32)|Mixed Platforms.ActiveCfg = Debug (Win32)|x64
		{4214047C-F5C1-40B3-8369-5DCED8C32770}.Debug (Win32)|Mixed Platforms.Build.0 = Debug (Win32)|x64
		{4214047C-F5C1-40B3-8369-5DCED8C32770}.Debug (Win32)|Win32.ActiveCfg = Debug (Win32)|Win32
		{4214047C-F5C1-40B3-8369-5DCED8C32770}.Debug (Win32)|Win32.Build.0 = Debug (Win32)|Win32
		{4214047C-F5C1-40B3-8369-5DCED8C32770}.Debug (Win32)|x64.ActiveCfg = Debug (Win32)|x64
		{4214047C-F5C1-40B3-8369-5DCED8C32770}.Debug (Win32)|x64.Build.0 = Debug (Win32)|x64
		{4214047C-F5C1-40B3-8369-5DCED8C32770}.Debug (Win32)|x86.ActiveCfg = Debug (Win32)|x64
		{4214047C-F5C1-40B3-8369-5DCED8C32770}.Debug|Any CPU.ActiveCfg = Debug|x64
		{4214047C-F5C1-40B3-8369-5DCED8C32770}.Debug|Mixed Platforms.ActiveCfg = Debug|x64
		{4214047C-F5C1-40B3-8369-5DCED8C32770}.Debug|Win32.ActiveCfg = Debug|Win32
		{4214047C-F5C1-40B3-8369-5DCED8C32770}.Debug|Win32.Build.0 = Debug|Win32
		{4214047C-F5C1-40B3-8369-5DCED8C32770}.Debug|x64.ActiveCfg = Debug|x64
		{4214047C-F5C1-40B3-8369-5DCED8C32770}.Debug|x64.Build.0 = Debug|x64
		{4214047C-F5C1-40B3-8369-5DCED8C32770}.Debug|x86.ActiveCfg = Debug|x64
		{4214047C-F5C1-40B3-8369-5DCED8C32770}.Release|Any CPU.ActiveCfg = Release|x64
		{4214047C-F5C1-40B3-8369-5DCED8C32770}.Release|Mixed Platforms.ActiveCfg = Release|x64
		{4214047C-F5C1-40B3-8369-5DCED8C32770}.Release|Win32.ActiveCfg = Release|Win32
		{4214047C-F5C1-40B3-8369-5DCED8C32770}.Release|Win32.Build.0 = Release|Win32
		{4214047C-F5C1-40B3-8369-5DCED8C32770}.Release|x64.ActiveCfg = Release|x64
		{4214047C-F5C1-40B3-8369-5DCED8C32770}.Release|x64.Build.0 = Release|x64
		{4214047C-F5C1-40B3-8369-5DCED8C32770}.Release|x86.ActiveCfg = Release|x64
		{4214047C-F5C1-40B3-8369-5DCED8C32770}.ReleaseWdkCrt|Any CPU.ActiveCfg = ReleaseWdkCrt|x64
		{4214047C-F5C1-40B3-8369-5DCED8C32770}.ReleaseWdkCrt|Mixed Platforms.ActiveCfg = ReleaseWdkCrt|x64
		{4214047C-F5C1-40B3-8369-5DCED8C32770}.ReleaseWdkCrt|Win32.ActiveCfg = ReleaseWdkCrt|Win32
		{4214047C-F5C1-40B3-8369-5DCED8C32770}.ReleaseWdkCrt|Win32.Build.0 = ReleaseWdkCrt|Win32
		{4214047C-F5C1-40B3-8369-5DCED8C32770}.ReleaseWdkCrt|x64.ActiveCfg = ReleaseWdkCrt|x64
		{4214047C-F5C1-40B3-8369-5DCED8C32770}.ReleaseWdkCrt|x64.Build.0 = ReleaseWdkCrt|x64
		{4214047C-F5C1-40B3-8369-5DCED8C32770}.ReleaseWdkCrt|x86.ActiveCfg = ReleaseWdkCrt|x64
		{F172EFFC-E30F-4593-809E-DB2024B1E753}.Debug (Win32)|Any CPU.ActiveCfg = Debug (Win32)|x64
		{F172EFFC-E30F-4593-809E-DB2024B1E753}.Debug (Win32)|Mixed Platforms.ActiveCfg = Debug (Win32)|x64
		{F172EFFC-E30F-4593-809E-DB2024B1E753}.Debug (Win32)|Mixed Platforms.Build.0 = Debug (Win32)|x64
		{F172EFFC-E30F-4593-809E-DB2024B1E753}.Debug (Win32)|Win32.ActiveCfg = Debug (Win32)|Win32
		{F172EFFC-E30F-4593-809E-DB2024B1E753}.Debug (Win32)|Win32.Build.0 = Debug (Win32)|Win32
		{F172EFFC-E30F-4593-809E-DB2024B1E753}.Debug (Win32)|x64.ActiveCfg = Debug (Win32)|x64
		{F172EFFC-E30F-4593-809E-DB2024B1E753}.Debug (Win32)|x64.Build.0 = Debug (Win32)|x64
		{F172EFFC-E30F-4593-809E-DB2024B1E753}.Debug (Win32)|x86.ActiveCfg = Debug (Win32)|x64
		{F172EFFC-E30F-4593-809E-DB2024B1E753}.Debug|Any CPU.ActiveCfg = Debug|x64
		{F172EFFC-E30F-4593-809E-DB2024B1E753}.Debug|Mixed Platforms.ActiveCfg = Debug|x64
		{F172EFFC-E30F-4593-809E-DB2024B1E753}.Debug|Win32.ActiveCfg = Debug|Win32
		{F172EFFC-E30F-4593-809E-DB2024B1E753}.Debug|Win32.Build.0 = Debug|Win32
		{F172EFFC-E30F-4593-809E-DB2024B1E753}.Debug|x64.ActiveCfg = Debug|x64
		{F172EFFC-E30F-4593-809E-DB2024B1E753}.Debug|x64.Build.0 = Debug|x64
		{F172EFFC-E30F-4593-809E-DB2024B1E753}.Debug|x86.ActiveCfg = Debug|x64
		{F172EFFC-E30F-4593-809E-DB2024B1E753}.Release|Any CPU.ActiveCfg = Release|x64
		{F172EFFC-E30F-4593-809E-DB2024B1E753}.Release|Mixed Platforms.ActiveCfg = Release|x64
		{F172EFFC-E30F-4593-809E-DB2024B1E753}.Release|Win32.ActiveCfg = Release|Win32
		{F172EFFC-E30F-4593-809E-DB2024B1E753}.Release|Win32.Build.0 = Release|Win32
		{F172EFFC-E30F-4593-809E-DB2024B1E753}.Release|x64.ActiveCfg = Release|x64
		{F172EFFC-E30F-4593-809E-DB2024B1E753}.Release|x64.Build.0 = Release|x64
		{F172EFFC-E30F-4593-809E-DB2024B1E753}.Release|x86.ActiveCfg = Release|x64
		{F172EFFC-E30F-4593-809E-DB2024B1E753}.ReleaseWdkCrt|Any CPU.ActiveCfg = ReleaseWdkCrt|x64
		{F172EFFC-E30F-4593-809E-DB2024B1E753}.ReleaseWdkCrt|Mixed Platforms.ActiveCfg = ReleaseWdkCrt|x64
		{F172EFFC-E30F-4593-809E-DB2024B1E753}.ReleaseWdkCrt|Win32.ActiveCfg = ReleaseWdkCrt|Win32
		{F172EFFC-E30F-4593-809E-DB2024B1E753}.ReleaseWdkCrt|Win32.Build.0 = ReleaseWdkCrt|Win32
		{F172EFFC-E30F-4593-809E-DB2024B1E753}.ReleaseWdkCrt|x64.ActiveCfg = ReleaseWdkCrt|x64
		{F172EFFC-E30F-4593-809E-DB2024B1E753}.ReleaseWdkCrt|x64.Build.0 = ReleaseWdkCrt|x64
		{F172EFFC-E30F-4593-809E-DB2024B1E753}.ReleaseWdkCrt|x86.ActiveCfg = ReleaseWdkCrt|x64
		{C8AFB8C3-FFFD-460F-BC13-9AC25D7B117C}.Debug (Win32)|Any CPU.ActiveCfg = Debug (Win32)|x64
		{C8AFB8C3-FFFD-460F-BC13-9AC25D7B117C}.Debug (Win32)|Mixed Platforms.ActiveCfg = Debug (Win32)|x64
		{C8AFB8C3-FFFD-460F-BC13-9AC25D7B117C}.Debug (Win32)|Mixed Platforms.Build.0 = Debug (Win32)|x64
		{C8AFB8C3-FFFD-460F-BC13-9AC25D7B117C}.Debug (Win32)|Win32.ActiveCfg = Debug (Win32)|Win32
		{C8AFB8C3-FFFD-460F-BC13-9AC25D7B117C}.Debug (Win32)|Win32.Build.0 = Debug (Win32)|Win32
		{C8AFB8C3-FFFD-460F-BC13-9AC25D7B117C}.Debug (Win32)|x64.ActiveCfg = Debug (Win32)|x64
		{C8AFB8C3-FFFD-460F-BC13-9AC25D7B117C}.Debug (Win32)|x64.Build.0 = Debug (Win32)|x64
		{C8AFB8C3-FFFD-460F-BC13-9AC25D7B117C}.Debug (Win32)|x86.ActiveCfg = Debug (Win32)|x64
		{C8AFB8C3-FFFD-460F-BC13-9AC25D7B117C}.Debug|Any CPU.ActiveCfg = Debug|x64
		{C8AFB8C3-FFFD-460F-BC13-9AC25D7B117C}.Debug|Mixed Platforms.ActiveCfg = Debug|x64
		{C8AFB8C3-FFFD-460F-BC13-9AC25D7B117C}.Debug|Win32.ActiveCfg = Debug|Win32
		{C8AFB8C3-FFFD-460F-BC13-9AC25D7B117C}.Debug|Win32.Build.0 = Debug|Win32
		{C8AFB8C3-FFFD-460F-BC13-9AC25D7B117C}.Debug|x64.ActiveCfg = Debug|x64
		{C8AFB8C3-FFFD-460F-BC13-9AC25D7B117C}.Debug|x64.Build.0 = Debug|x64
		{C8AFB8C3-FFFD-460F-BC13-9AC25D7B117C}.Debug|x86.ActiveCfg = Debug|x64
		{C8AFB8C3-FFFD-460F-BC13-9AC25D7B117C}.Release|Any CPU.ActiveCfg = Release|x64
		{C8AFB8C3-FFFD-460F-BC13-9AC25D7B117C}.Release|Mixed Platforms.ActiveCfg = Release|x64
		{C8AFB8C3-FFFD-460F-BC13-9AC25D7B117C}.Release|Win32.ActiveCfg = Release|Win32
		{C8AFB8C3-FFFD-460F-BC13-9AC25D7B117C}.Release|Win32.Build.0 = Release|Win32
		{C8AFB8C3-FFFD-460F-BC13-9AC25D7B117C}.Release|x64.ActiveCfg = Release|x64
		{C8AFB8C3-FFFD-460F-BC13-9AC25D7B117C}.Release|x64.Build.0 = Release|x64
		{C8AFB8C3-FFFD-460F-BC13-9AC25D7B117C}.Release|x86.ActiveCfg = Release|x64
		{C8AFB8C3-FFFD-460F-BC13-9AC25D7B117C}.ReleaseWdkCrt|Any CPU.ActiveCfg = ReleaseWdkCrt|x64
		{C8AFB8C3-FFFD-460F-BC13-9AC25D7B117C}.ReleaseWdkCrt|Mixed Platforms.ActiveCfg = ReleaseWdkCrt|x64
		{C8AFB8C3-FFFD-460F-BC13-9AC25D7B117C}.ReleaseWdkCrt|Win32.ActiveCfg = ReleaseWdkCrt|Win32
		{C8AFB8C3-FFFD-460F-BC13-9AC25D7B117C}.ReleaseWdkCrt|Win32.Build.0 = ReleaseWdkCrt|Win32
		{C8AFB8C3-FFFD-460F-BC13-9AC25D7B117C}.ReleaseWdkCrt|x64.ActiveCfg = ReleaseWdkCrt|x64
		{C8AFB8C3-FFFD-460F-BC13-9AC25D7B117C}.ReleaseWdkCrt|x64.Build.0 = ReleaseWdkCrt|x64
		{C8AFB8C3-FFFD-460F-BC13-9AC25D7B117C}.ReleaseWdkCrt|x86.ActiveCfg = ReleaseWdkCrt|x64
		{AE3F6497-7880-4C08-B6E2-3AF05BCFB671}.Debug (Win32)|Any CPU.ActiveCfg = Debug (Win32)|x64
		{AE3F6497-7880-4C08-B6E2-3AF05BCFB671}.Debug (Win32)|Mixed Platforms.ActiveCfg = Debug (Win32)|x64
		{AE3F6497-7880-4C08-B6E2-3AF05BCFB671}.Debug (Win32)|Mixed Platforms.Build.0 = Debug (Win32)|x64
		{AE3F6497-7880-4C08-B6E2-3AF05BCFB671}.Debug (Win32)|Win32.ActiveCfg = Debug (Win32)|Win32
		{AE3F6497-7880-4C08-B6E2-3AF05BCFB671}.Debug (Win32)|Win32.Build.0 = Debug (Win32)|Win32
		{AE3F6497-7880-4C08-B6E2-3AF05BCFB671}.Debug (Win32)|x64.ActiveCfg = Debug (Win32)|x64
		{AE3F6497-7880-4C08-B6E2-3AF05BCFB671}.Debug (Win32)|x64.Build.0 = Debug (Win32)|x64
		{AE3F6497-7880-4C08-B6E2-3AF05BCFB671}.Debug (Win32)|x86.ActiveCfg = Debug (Win32)|x64
		{AE3F6497-7880-4C08-B6E2-3AF05BCFB671}.Debug|Any CPU.ActiveCfg = Debug|x64
		{AE3F6497-7880-4C08-B6E2-3AF05BCFB671}.Debug|Mixed Platforms.ActiveCfg = Debug|x64
		{AE3F6497-7880-4C08-B6E2-3AF05BCFB671}.Debug|Win32.ActiveCfg = Debug|Win32
		{AE3F6497-7880-4C08-B6E2-3AF05BCFB671}.Debug|Win32.Build.0 = Debug|Win32
		{AE3F6497-7880-4C08-B6E2-3AF05BCFB671}.Debug|x64.ActiveCfg = Debug|x64
		{AE3F6497-7880-4C08-B6E2-3AF05BCFB671}.Debug|x64.Build.0 = Debug|x64
		{AE3F6497-7880-4C08-B6E2-3AF05BCFB671}.Debug|x86.ActiveCfg = Debug|x64
		{AE3F6497-7880-4C08-B6E2-3AF05BCFB671}.Release|Any CPU.ActiveCfg = Release|x64
		{AE3F6497-7880-4C08-B6E2-3AF05BCFB671}.Release|Mixed Platforms.ActiveCfg = Release|x64
		{AE3F6497-7880-4C08-B6E2-3AF05BCFB671}.Release|Win32.ActiveCfg = Release|Win32
		{AE3F6497-7880-4C08-B6E2-3AF05BCFB671}.Release|Win32.Build.0 = Release|Win32
		{AE3F6497-7880-4C08-B6E2-3AF05BCFB671}.Release|x64.ActiveCfg = Release|x64
		{AE3F6497-7880-4C08-B6E2-3AF05BCFB671}.Release|x64.Build.0 = Release|x64
		{AE3F6497-7880-4C08-B6E2-3AF05BCFB671}.Release|x86.ActiveCfg = Release|x64
		{AE3F6497-7880-4C08-B6E2-3AF05BCFB671}.ReleaseWdkCrt|Any CPU.ActiveCfg = ReleaseWdkCrt|x64
		{AE3F6497-7880-4C08-B6E2-3AF05BCFB671}.ReleaseWdkCrt|Mixed Platforms.ActiveCfg = ReleaseWdkCrt|x64
		{AE3F6497-7880-4C08-B6E2-3AF05BCFB671}.ReleaseWdkCrt|Win32.ActiveCfg = ReleaseWdkCrt|Win32
		{AE3F6497-7880-4C08-B6E2-3AF05BCFB671}.ReleaseWdkCrt|Win32.Build.0 = ReleaseWdkCrt|Win32
		{AE3F6497-7880-4C08-B6E2-3AF05BCFB671}.ReleaseWdkCrt|x64.ActiveCfg = ReleaseWdkCrt|x64
		{AE3F6497-7880-4C08-B6E2-3AF05BCFB671}.ReleaseWdkCrt|x64.Build.0 = ReleaseWdkCrt|x64
		{AE3F6497-7880-4C08-B6E2-3AF05BCFB671}.ReleaseWdkCrt|x86.ActiveCfg = ReleaseWdkCrt|x64
		{4CEE3392-89AC-4367-B219-42360CF91CBB}.Debug (Win32)|Any CPU.ActiveCfg = Debug (Win32)|x64
		{4CEE3392-89AC-4367-B219-42360CF91CBB}.Debug (Win32)|Mixed Platforms.ActiveCfg = Debug (Win32)|x64
		{4CEE3392-89AC-4367-B219-42360CF91CBB}.Debug (Win32)|Mixed Platforms.Build.0 = Debug (Win32)|x64
		{4CEE3392-89AC-4367-B219-42360CF91CBB}.Debug (Win32)|Win32.ActiveCfg = Debug (Win32)|Win32
		{4CEE3392-89AC-4367-B219-42360CF91CBB}.Debug (Win32)|Win32.Build.0 = Debug (Win32)|Win32
		{4CEE3392-89AC-4367-B219-42360CF91CBB}.Debug (Win32)|x64.ActiveCfg = Debug (Win32)|x64
		{4CEE3392-89AC-4367-B219-42360CF91CBB}.Debug (Win32)|x64.Build.0 = Debug (Win32)|x64
		{4CEE3392-89AC-4367-B219-42360CF91CBB}.Debug (Win32)|x86.ActiveCfg = Debug (Win32)|x64
		{4CEE3392-89AC-4367-B219-42360CF91CBB}.Debug|Any CPU.ActiveCfg = Debug|x64
		{4CEE3392-89AC-4367-B219-42360CF91CBB}.Debug|Mixed Platforms.ActiveCfg = Debug|x64
		{4CEE3392-89AC-4367-B219-42360CF91CBB}.Debug|Win32.ActiveCfg = Debug|Win32
		{4CEE3392-89AC-4367-B219-42360CF91CBB}.Debug|Win32.Build.0 = Debug|Win32
		{4CEE3392-89AC-4367-B219-42360CF91CBB}.Debug|x64.ActiveCfg = Debug|x64
		{4CEE3392-89AC-4367-B219-42360CF91CBB}.Debug|x64.Build.0 = Debug|x64
		{4CEE3392-89AC-4367-B219-42360CF91CBB}.Debug|x86.ActiveCfg = Debug|x64
		{4CEE3392-89AC-4367-B219-42360CF91CBB}.Release|Any CPU.ActiveCfg = Release|x64
		{4CEE3392-89AC-4367-B219-42360CF91CBB}.Release|Mixed Platforms.ActiveCfg = Release|x64
		{4CEE3392-89AC-4367-B219-42360CF91CBB}.Release|Win32.ActiveCfg = Release|Win32
		{4CEE3392-89AC-4367-B219-42360CF91CBB}.Release|Win32.Build.0 = Release|Win32
		{4CEE3392-89AC-4367-B219-42360CF91CBB}.Release|x64.ActiveCfg = Release|x64
		{4CEE3392-89AC-4367-B219-42360CF91CBB}.Release|x64.Build.0 = Release|x64
		{4CEE3392-89AC-4367-B219-42360CF91CBB}.Release|x86.ActiveCfg = Release|x64
		{4CEE3392-89AC-4367-B219-42360CF91CBB}.ReleaseWdkCrt|Any CPU.ActiveCfg = ReleaseWdkCrt|x64
		{4CEE3392-89AC-4367-B219-42360CF91CBB}.ReleaseWdkCrt|Mixed Platforms.ActiveCfg = ReleaseWdkCrt|x64
		{4CEE3392-89AC-4367-B219-42360CF91CBB}.ReleaseWdkCrt|Win32.ActiveCfg = ReleaseWdkCrt|Win32
		{4CEE3392-89AC-4367-B219-42360CF91CBB}.ReleaseWdkCrt|Win32.Build.0 = ReleaseWdkCrt|Win32
		{4CEE3392-89AC-4367-B219-42360CF91CBB}.ReleaseWdkCrt|x64.ActiveCfg = ReleaseWdkCrt|x64
		{4CEE3392-89AC-4367-B219-42360CF91CBB}.ReleaseWdkCrt|x64.Build.0 = ReleaseWdkCrt|x64
		{4CEE3392-89AC-4367-B219-42360CF91CBB}.ReleaseWdkCrt|x86.ActiveCfg = ReleaseWdkCrt|x64
		{CB7DC8B9-C2B8-4352-908E-9230BA9906EE}.Debug (Win32)|Any CPU.ActiveCfg = Debug (Win32)|x64
		{CB7DC8B9-C2B8-4352-908E-9230BA9906EE}.Debug (Win32)|Mixed Platforms.ActiveCfg = Debug (Win32)|x64
		{CB7DC8B9-C2B8-4352-908E-9230BA9906EE}.Debug (Win32)|Mixed Platforms.Build.0 = Debug (Win32)|x64
		{CB7DC8B9-C2B8-4352-908E-9230BA9906EE}.Debug (Win32)|Win32.ActiveCfg = Debug (Win32)|Win32
		{CB7DC8B9-C2B8-4352-908E-9230BA9906EE}.Debug (Win32)|Win32.Build.0 = Debug (Win32)|Win32
		{CB7DC8B9-C2B8-4352-908E-9230BA9906EE}.Debug (Win32)|x64.ActiveCfg = Debug (Win32)|x64
		{CB7DC8B9-C2B8-4352-908E-9230BA9906EE}.Debug (Win32)|x64.Build.0 = Debug (Win32)|x64
		{CB7DC8B9-C2B8-4352-908E-9230BA9906EE}.Debug (Win32)|x86.ActiveCfg = Debug (Win32)|x64
		{CB7DC8B9-C2B8-4352-908E-9230BA9906EE}.Debug|Any CPU.ActiveCfg = Debug|x64
		{CB7DC8B9-C2B8-4352-908E-9230BA9906EE}.Debug|Mixed Platforms.ActiveCfg = Debug|x64
		{CB7DC8B9-C2B8-4352-908E-9230BA9906EE}.Debug|Win32.ActiveCfg = Debug|Win32
		{CB7DC8B9-C2B8-4352-908E-9230BA9906EE}.Debug|Win32.Build.0 = Debug|Win32
		{CB7DC8B9-C2B8-4352-908E-9230BA9906EE}.Debug|x64.ActiveCfg = Debug|x64
		{CB7DC8B9-C2B8-4352-908E-9230BA9906EE}.Debug|x64.Build.0 = Debug|x64
		{CB7DC8B9-C2B8-4352-908E-9230BA9906EE}.Debug|x86.ActiveCfg = Debug|x64
		{CB7DC8B9-C2B8-4352-908E-9230BA9906EE}.Release|Any CPU.ActiveCfg = Release|x64
		{CB7DC8B9-C2B8-4352-908E-9230BA9906EE}.Release|Mixed Platforms.ActiveCfg = Release|x64
		{CB7DC8B9-C2B8-4352-908E-9230BA9906EE}.Release|Win32.ActiveCfg = Release|Win32
		{CB7DC8B9-C2B8-4352-908E-9230BA9906EE}.Release|Win32.Build.0 = Release|Win32
		{CB7DC8B9-C2B8-4352-908E-9230BA9906EE}.Release|x64.ActiveCfg = Release|x64
		{CB7DC8B9-C2B8-4352-908E-9230BA9906EE}.Release|x64.Build.0 = Release|x64
		{CB7DC8B9-C2B8-4352-908E-9230BA9906EE}.Release|x86.ActiveCfg = Release|x64
		{CB7DC8B9-C2B8-4352-908E-9230BA9906EE}.ReleaseWdkCrt|Any CPU.ActiveCfg = ReleaseWdkCrt|x64
		{CB7DC8B9-C2B8-4352-908E-9230BA9906EE}.ReleaseWdkCrt|Mixed Platforms.ActiveCfg = ReleaseWdkCrt|x64
		{CB7DC8B9-C2B8-4352-908E-9230BA9906EE}.ReleaseWdkCrt|Win32.ActiveCfg = ReleaseWdkCrt|Win32
		{CB7DC8B9-C2B8-4352-908E-9230BA9906EE}.ReleaseWdkCrt|Win32.Build.0 = ReleaseWdkCrt|Win32
		{CB7DC8B9-C2B8-4352-908E-9230BA9906EE}.ReleaseWdkCrt|x64.ActiveCfg = ReleaseWdkCrt|x64
		{CB7DC8B9-C2B8-4352-908E-9230BA9906EE}.ReleaseWdkCrt|x64.Build.0 = ReleaseWdkCrt|x64
		{CB7DC8B9-C2B8-4352-908E-9230BA9906EE}.ReleaseWdkCrt|x86.ActiveCfg = ReleaseWdkCrt|x64
		{66757FD0-C29F-4744-9C52-CE79E7E4289F}.Debug (Win32)|Any CPU.ActiveCfg = Debug (Win32)|x64
		{66757FD0-C29F-4744-9C52-CE79E7E4289F}.Debug (Win32)|Mixed Platforms.ActiveCfg = Debug (Win32)|x64
		{66757FD0-C29F-4744-9C52-CE79E7E4289F}.Debug (Win32)|Mixed Platforms.Build.0 = Debug (Win32)|x64
		{66757FD0-C29F-4744-9C52-CE79E7E4289F}.Debug (Win32)|Win32.ActiveCfg = Debug (Win32)|Win32
		{66757FD0-C29F-4744-9C52-CE79E7E4289F}.Debug (Win32)|Win32.Build.0 = Debug (Win32)|Win32
		{66757FD0-C29F-4744-9C52-CE79E7E4289F}.Debug (Win32)|x64.ActiveCfg = Debug (Win32)|x64
		{66757FD0-C29F-4744-9C52-CE79E7E4289F}.Debug (Win32)|x64.Build.0 = Debug (Win32)|x64
		{66757FD0-C29F-4744-9C52-CE79E7E4289F}.Debug (Win32)|x86.ActiveCfg = Debug (Win32)|x64
		{66757FD0-C29F-4744-9C52-CE79E7E4289F}.Debug|Any CPU.ActiveCfg = Debug|x64
		{66757FD0-C29F-4744-9C52-CE79E7E4289F}.Debug|Mixed Platforms.ActiveCfg = Debug|x64
		{66757FD0-C29F-4744-9C52-CE79E7E4289F}.Debug|Win32.ActiveCfg = Debug|Win32
		{66757FD0-C29F-4744-9C52-CE79E7E4289F}.Debug|Win32.Build.0 = Debug|Win32
		{66757FD0-C29F-4744-9C52-CE79E7E4289F}.Debug|x64.ActiveCfg = Debug|x64
		{66757FD0-C29F-4744-9C52-CE79E7E4289F}.Debug|x64.Build.0 = Debug|x64
		{66757FD0-C29F-4744-9C52-CE79E7E4289F}.Debug|x86.ActiveCfg = Debug|x64
		{66757FD0-C29F-4744-9C52-CE79E7E4289F}.Release|Any CPU.ActiveCfg = Release|x64
		{66757FD0-C29F-4744-9C52-CE79E7E4289F}.Release|Mixed Platforms.ActiveCfg = Release|x64
		{66757FD0-C29F-4744-9C52-CE79E7E4289F}.Release|Win32.ActiveCfg = Release|Win32
		{66757FD0-C29F-4744-9C52-CE79E7E4289F}.Release|Win32.Build.0 = Release|Win32
		{66757FD0-C29F-4744-9C52-CE79E7E4289F}.Release|x64.ActiveCfg = Release|x64
		{66757FD0-C29F-4744-9C52-CE79E7E4289F}.Release|x64.Build.0 = Release|x64
		{66757FD0-C29F-4744-9C52-CE79E7E4289F}.Release|x86.ActiveCfg = Release|x64
		{66757FD0-C29F-4744-9C52-CE79E7E4289F}.ReleaseWdkCrt|Any CPU.ActiveCfg = ReleaseWdkCrt|x64
		{66757FD0-C29F-4744-9C52-CE79E7E4289F}.ReleaseWdkCrt|Mixed Platforms.ActiveCfg = ReleaseWdkCrt|x64
		{66757FD0-C29F-4744-9C52-CE79E7E4289F}.ReleaseWdkCrt|Win32.ActiveCfg = ReleaseWdkCrt|Win32
		{66757FD0-C29F-4744-9C52-CE79E7E4289F}.ReleaseWdkCrt|Win32.Build.0 = ReleaseWdkCrt|Win32
		{66757FD0-C29F-4744-9C52-CE79E7E4289F}.ReleaseWdkCrt|x64.ActiveCfg = ReleaseWdkCrt|x64
		{66757FD0-C29F-4744-9C52-CE79E7E4289F}.ReleaseWdkCrt|x64.Build.0 = ReleaseWdkCrt|x64
		{66757FD0-C29F-4744-9C52-CE79E7E4289F}.ReleaseWdkCrt|x86.ActiveCfg = ReleaseWdkCrt|x64
		{E28A4D3E-E995-499D-A920-D155E5EA4A79}.Debug (Win32)|Any CPU.ActiveCfg = Debug (Win32)|x64
		{E28A4D3E-E995-499D-A920-D155E5EA4A79}.Debug (Win32)|Mixed Platforms.ActiveCfg = Debug (Win32)|x64
		{E28A4D3E-E995-499D-A920-D155E5EA4A79}.Debug (Win32)|Mixed Platforms.Build.0 = Debug (Win32)|x64
		{E28A4D3E-E995-499D-A920-D155E5EA4A79}.Debug (Win32)|Win32.ActiveCfg = Debug (Win32)|Win32
		{E28A4D3E-E995-499D-A920-D155E5EA4A79}.Debug (Win32)|Win32.Build.0 = Debug (Win32)|Win32
		{E28A4D3E-E995-499D-A920-D155E5EA4A79}.Debug (Win32)|x64.ActiveCfg = Debug (Win32)|x64
		{E28A4D3E-E995-499D-A920-D155E5EA4A79}.Debug (Win32)|x64.Build.0 = Debug (Win32)|x64
		{E28A4D3E-E995-499D-A920-D155E5EA4A79}.Debug (Win32)|x86.ActiveCfg = Debug (Win32)|x64
		{E28A4D3E-E995-499D-A920-D155E5EA4A79}.Debug|Any CPU.ActiveCfg = Debug|x64
		{E28A4D3E-E995-499D-A920-D155E5EA4A79}.Debug|Mixed Platforms.ActiveCfg = Debug|x64
		{E28A4D3E-E995-499D-A920-D155E5EA4A79}.Debug|Win32.ActiveCfg = Debug|Win32
		{E28A4D3E-E995-499D-A920-D155E5EA4A79}.Debug|Win32.Build.0 = Debug|Win32
		{E28A4D3E-E995-499D-A920-D155E5EA4A79}.Debug|x64.ActiveCfg = Debug|x64
		{E28A4D3E-E995-499D-A920-D155E5EA4A79}.Debug|x64.Build.0 = Debug|x64
		{E28A4D3E-E995-499D-A920-D155E5EA4A79}.Debug|x86.ActiveCfg = Debug|x64
		{E28A4D3E-E995-499D-A920-D155E5EA4A79}.Release|Any CPU.ActiveCfg = Release|x64
		{E28A4D3E-E995-499D-A920-D155E5EA4A79}.Release|Mixed Platforms.ActiveCfg = Release|x64
		{E28A4D3E-E995-499D-A920-D155E5EA4A79}.Release|Win32.ActiveCfg = Release|Win32
		{E28A4D3E-E995-499D-A920-D155E5EA4A79}.Release|Win32.Build.0 = Release|Win32
		{E28A4D3E-E995-499D-A920-D155E5EA4A79}.Release|x64.ActiveCfg = Release|x64
		{E28A4D3E-E995-499D-A920-D155E5EA4A79}.Release|x64.Build.0 = Release|x64
		{E28A4D3E-E995-499D-A920-D155E5EA4A79}.Release|x86.ActiveCfg = Release|x64
		{E28A4D3E-E995-499D-A920-D155E5EA4A79}.ReleaseWdkCrt|Any CPU.ActiveCfg = ReleaseWdkCrt|x64
		{E28A4D3E-E995-499D-A920-D155E5EA4A79}.ReleaseWdkCrt|Mixed Platforms.ActiveCfg = ReleaseWdkCrt|x64
		{E28A4D3E-E995-499D-A920-D155E5EA4A79}.ReleaseWdkCrt|Win32.ActiveCfg = ReleaseWdkCrt|Win32
		{E28A4D3E-E995-499D-A920-D155E5EA4A79}.ReleaseWdkCrt|Win32.Build.0 = ReleaseWdkCrt|Win32
		{E28A4D3E-E995-499D-A920-D155E5EA4A79}.ReleaseWdkCrt|x64.ActiveCfg = ReleaseWdkCrt|x64
		{E28A4D3E-E995-499D-A920-D155E5EA4A79}.ReleaseWdkCrt|x64.Build.0 = ReleaseWdkCrt|x64
		{E28A4D3E-E995-499D-A920-D155E5EA4A79}.ReleaseWdkCrt|x86.ActiveCfg = ReleaseWdkCrt|x64
		{860FFAEE-5D5F-44DA-8ED0-0F6987229545}.Debug (Win32)|Any CPU.ActiveCfg = Debug (Win32)|x64
		{860FFAEE-5D5F-44DA-8ED0-0F6987229545}.Debug (Win32)|Mixed Platforms.ActiveCfg = Debug (Win32)|x64
		{860FFAEE-5D5F-44DA-8ED0-0F6987229545}.Debug (Win32)|Mixed Platforms.Build.0 = Debug (Win32)|x64
		{860FFAEE-5D5F-44DA-8ED0-0F6987229545}.Debug (Win32)|Win32.ActiveCfg = Debug (Win32)|Win32
		{860FFAEE-5D5F-44DA-8ED0-0F6987229545}.Debug (Win32)|Win32.Build.0 = Debug (Win32)|Win32
		{860FFAEE-5D5F-44DA-8ED0-0F6987229545}.Debug (Win32)|x64.ActiveCfg = Debug (Win32)|x64
		{860FFAEE-5D5F-44DA-8ED0-0F6987229545}.Debug (Win32)|x64.Build.0 = Debug (Win32)|x64
		{860FFAEE-5D5F-44DA-8ED0-0F6987229545}.Debug (Win32)|x86.ActiveCfg = Debug (Win32)|x64
		{860FFAEE-5D5F-44DA-8ED0-0F6987229545}.Debug|Any CPU.ActiveCfg = Debug|x64
		{860FFAEE-5D5F-44DA-8ED0-0F6987229545}.Debug|Mixed Platforms.ActiveCfg = Debug|x64
		{860FFAEE-5D5F-44DA-8ED0-0F6987229545}.Debug|Win32.ActiveCfg = Debug|Win32
		{860FFAEE-5D5F-44DA-8ED0-0F6987229545}.Debug|Win32.Build.0 = Debug|Win32
		{860FFAEE-5D5F-44DA-8ED0-0F6987229545}.Debug|x64.ActiveCfg = Debug|x64
		{860FFAEE-5D5F-44DA-8ED0-0F6987229545}.Debug|x64.Build.0 = Debug|x64
		{860FFAEE-5D5F-44DA-8ED0-0F6987229545}.Debug|x86.ActiveCfg = Debug|x64
		{860FFAEE-5D5F-44DA-8ED0-0F6987229545}.Release|Any CPU.ActiveCfg = Release|x64
		{860FFAEE-5D5F-44DA-8ED0-0F6987229545}.Release|Mixed Platforms.ActiveCfg = Release|x64
		{860FFAEE-5D5F-44DA-8ED0-0F6987229545}.Release|Win32.ActiveCfg = Release|Win32
		{860FFAEE-5D5F-44DA-8ED0-0F6987229545}.Release|Win32.Build.0 = Release|Win32
		{860FFAEE-5D5F-44DA-8ED0-0F6987229545}.Release|x64.ActiveCfg = Release|x64
		{860FFAEE-5D5F-44DA-8ED0-0F6987229545}.Release|x64.Build.0 = Release|x64
		{860FFAEE-5D5F-44DA-8ED0-0F6987229545}.Release|x86.ActiveCfg = Release|x64
		{860FFAEE-5D5F-44DA-8ED0-0F6987229545}.ReleaseWdkCrt|Any CPU.ActiveCfg = ReleaseWdkCrt|x64
		{860FFAEE-5D5F-44DA-8ED0-0F6987229545}.ReleaseWdkCrt|Mixed Platforms.ActiveCfg = ReleaseWdkCrt|x64
		{860FFAEE-5D5F-44DA-8ED0-0F6987229545}.ReleaseWdkCrt|Win32.ActiveCfg = ReleaseWdkCrt|Win32
		{860FFAEE-5D5F-44DA-8ED0-0F6987229545}.ReleaseWdkCrt|Win32.Build.0 = ReleaseWdkCrt|Win32
		{860FFAEE-5D5F-44DA-8ED0-0F6987229545}.ReleaseWdkCrt|x64.ActiveCfg = ReleaseWdkCrt|x64
		{860FFAEE-5D5F-44DA-8ED0-0F6987229545}.ReleaseWdkCrt|x64.Build.0 = ReleaseWdkCrt|x64
		{860FFAEE-5D5F-44DA-8ED0-0F6987229545}.ReleaseWdkCrt|x86.ActiveCfg = ReleaseWdkCrt|x64
		{5E7C37E6-65DC-43EA-8C14-B325A8B3B2A7}.Debug (Win32)|Any CPU.ActiveCfg = Debug (Win32)|x64
		{5E7C37E6-65DC-43EA-8C14-B325A8B3B2A7}.Debug (Win32)|Mixed Platforms.ActiveCfg = Debug (Win32)|x64
		{5E7C37E6-65DC-43EA-8C14-B325A8B3B2A7}.Debug (Win32)|Mixed Platforms.Build.0 = Debug (Win32)|x64
		{5E7C37E6-65DC-43EA-8C14-B325A8B3B2A7}.Debug (Win32)|Win32.ActiveCfg = Debug (Win32)|Win32
		{5E7C37E6-65DC-43EA-8C14-B325A8B3B2A7}.Debug (Win32)|Win32.Build.0 = Debug (Win32)|Win32
		{5E7C37E6-65DC-43EA-8C14-B325A8B3B2A7}.Debug (Win32)|x64.ActiveCfg = Debug (Win32)|x64
		{5E7C37E6-65DC-43EA-8C14-B325A8B3B2A7}.Debug (Win32)|x64.Build.0 = Debug (Win32)|x64
		{5E7C37E6-65DC-43EA-8C14-B325A8B3B2A7}.Debug (Win32)|x86.ActiveCfg = Debug (Win32)|x64
		{5E7C37E6-65DC-43EA-8C14-B325A8B3B2A7}.Debug|Any CPU.ActiveCfg = Debug|x64
		{5E7C37E6-65DC-43EA-8C14-B325A8B3B2A7}.Debug|Mixed Platforms.ActiveCfg = Debug|x64
		{5E7C37E6-65DC-43EA-8C14-B325A8B3B2A7}.Debug|Win32.ActiveCfg = Debug|Win32
		{5E7C37E6-65DC-43EA-8C14-B325A8B3B2A7}.Debug|Win32.Build.0 = Debug|Win32
		{5E7C37E6-65DC-43EA-8C14-B325A8B3B2A7}.Debug|x64.ActiveCfg = Debug|x64
		{5E7C37E6-65DC-43EA-8C14-B325A8B3B2A7}.Debug|x64.Build.0 = Debug|x64
		{5E7C37E6-65DC-43EA-8C14-B325A8B3B2A7}.Debug|x86.ActiveCfg = Debug|x64
		{5E7C37E6-65DC-43EA-8C14-B325A8B3B2A7}.Release|Any CPU.ActiveCfg = Release|x64
		{5E7C37E6-65DC-43EA-8C14-B325A8B3B2A7}.Release|Mixed Platforms.ActiveCfg = Release|x64
		{5E7C37E6-65DC-43EA-8C14-B325A8B3B2A7}.Release|Win32.ActiveCfg = Release|Win32
		{5E7C37E6-65DC-43EA-8C14-B325A8B3B2A7}.Release|Win32.Build.0 = Release|Win32
		{5E7C37E6-65DC-43EA-8C14-B325A8B3B2A7}.Release|x64.ActiveCfg = Release|x64
		{5E7C37E6-65DC-43EA-8C14-B325A8B3B2A7}.Release|x64.Build.0 = Release|x64
		{5E7C37E6-65DC-43EA-8C14-B325A8B3B2A7}.Release|x86.ActiveCfg = Release|x64
		{5E7C37E6-65DC-43EA-8C14-B325A8B3B2A7}.ReleaseWdkCrt|Any CPU.ActiveCfg = ReleaseWdkCrt|x64
		{5E7C37E6-65DC-43EA-8C14-B325A8B3B2A7}.ReleaseWdkCrt|Mixed Platforms.ActiveCfg = ReleaseWdkCrt|x64
		{5E7C37E6-65DC-43EA-8C14-B325A8B3B2A7}.ReleaseWdkCrt|Win32.ActiveCfg = ReleaseWdkCrt|Win32
		{5E7C37E6-65DC-43EA-8C14-B325A8B3B2A7}.ReleaseWdkCrt|Win32.Build.0 = ReleaseWdkCrt|Win32
		{5E7C37E6-65DC-43EA-8C14-B325A8B3B2A7}.ReleaseWdkCrt|x64.ActiveCfg = ReleaseWdkCrt|x64
		{5E7C37E6-65DC-43EA-8C14-B325A8B3B2A7}.ReleaseWdkCrt|x64.Build.0 = ReleaseWdkCrt|x64
		{5E7C37E6-65DC-43EA-8C14-B325A8B3B2A7}.ReleaseWdkCrt|x86.ActiveCfg = ReleaseWdkCrt|x64
		{9566788F-9AEE-47EB-8FBE-4A1766E805D8}.Debug (Win32)|Any CPU.ActiveCfg = Debug (Win32)|x64
		{9566788F-9AEE-47EB-8FBE-4A1766E805D8}.Debug (Win32)|Mixed Platforms.ActiveCfg = Debug (Win32)|x64
		{9566788F-9AEE-47EB-8FBE-4A1766E805D8}.Debug (Win32)|Mixed Platforms.Build.0 = Debug (Win32)|x64
		{9566788F-9AEE-47EB-8FBE-4A1766E805D8}.Debug (Win32)|Win32.ActiveCfg = Debug (Win32)|Win32
		{9566788F-9AEE-47EB-8FBE-4A1766E805D8}.Debug (Win32)|Win32.Build.0 = Debug (Win32)|Win32
		{9566788F-9AEE-47EB-8FBE-4A1766E805D8}.Debug (Win32)|x64.ActiveCfg = Debug (Win32)|x64
		{9566788F-9AEE-47EB-8FBE-4A1766E805D8}.Debug (Win32)|x64.Build.0 = Debug (Win32)|x64
		{9566788F-9AEE-47EB-8FBE-4A1766E805D8}.Debug (Win32)|x86.ActiveCfg = Debug (Win32)|x64
		{9566788F-9AEE-47EB-8FBE-4A1766E805D8}.Debug|Any CPU.ActiveCfg = Debug|x64
		{9566788F-9AEE-47EB-8FBE-4A1766E805D8}.Debug|Mixed Platforms.ActiveCfg = Debug|x64
		{9566788F-9AEE-47EB-8FBE-4A1766E805D8}.Debug|Win32.ActiveCfg = Debug|Win32
		{9566788F-9AEE-47EB-8FBE-4A1766E805D8}.Debug|Win32.Build.0 = Debug|Win32
		{9566788F-9AEE-47EB-8FBE-4A1766E805D8}.Debug|x64.ActiveCfg = Debug|x64
		{9566788F-9AEE-47EB-8FBE-4A1766E805D8}.Debug|x64.Build.0 = Debug|x64
		{9566788F-9AEE-47EB-8FBE-4A1766E805D8}.Debug|x86.ActiveCfg = Debug|x64
		{9566788F-9AEE-47EB-8FBE-4A1766E805D8}.Release|Any CPU.ActiveCfg = Release|x64
		{9566788F-9AEE-47EB-8FBE-4A1766E805D8}.Release|Mixed Platforms.ActiveCfg = Release|x64
		{9566788F-9AEE-47EB-8FBE-4A1766E805D8}.Release|Win32.ActiveCfg = Release|Win32
		{9566788F-9AEE-47EB-8FBE-4A1766E805D8}.Release|Win32.Build.0 = Release|Win32
		{9566788F-9AEE-47EB-8FBE-4A1766E805D8}.Release|x64.ActiveCfg = Release|x64
		{9566788F-9AEE-47EB-8FBE-4A1766E805D8}.Release|x64.Build.0 = Release|x64
		{9566788F-9AEE-47EB-8FBE-4A1766E805D8}.Release|x86.ActiveCfg = Release|x64
		{9566788F-9AEE-47EB-8FBE-4A1766E805D8}.ReleaseWdkCrt|Any CPU.ActiveCfg = ReleaseWdkCrt|x64
		{9566788F-9AEE-47EB-8FBE-4A1766E805D8}.ReleaseWdkCrt|Mixed Platforms.ActiveCfg = ReleaseWdkCrt|x64
		{9566788F-9AEE-47EB-8FBE-4A1766E805D8}.ReleaseWdkCrt|Win32.ActiveCfg = ReleaseWdkCrt|Win32
		{9566788F-9AEE-47EB-8FBE-4A1766E805D8}.ReleaseWdkCrt|Win32.Build.0 = ReleaseWdkCrt|Win32
		{9566788F-9AEE-47EB-8FBE-4A1766E805D8}.ReleaseWdkCrt|x64.ActiveCfg = ReleaseWdkCrt|x64
		{9566788F-9AEE-47EB-8FBE-4A1766E805D8}.ReleaseWdkCrt|x64.Build.0 = ReleaseWdkCrt|x64
		{9566788F-9AEE-47EB-8FBE-4A1766E805D8}.ReleaseWdkCrt|x86.ActiveCfg = ReleaseWdkCrt|x64
		{9F347485-0492-4473-B597-0444687EEE3F}.Debug (Win32)|Any CPU.ActiveCfg = Debug|Win32
		{9F347485-0492-4473-B597-0444687EEE3F}.Debug (Win32)|Mixed Platforms.ActiveCfg = Debug|Win32
		{9F347485-0492-4473-B597-0444687EEE3F}.Debug (Win32)|Mixed Platforms.Build.0 = Debug|Win32
		{9F347485-0492-4473-B597-0444687EEE3F}.Debug (Win32)|Win32.ActiveCfg = Debug|Win32
		{9F347485-0492-4473-B597-0444687EEE3F}.Debug (Win32)|Win32.Build.0 = Debug|Win32
		{9F347485-0492-4473-B597-0444687EEE3F}.Debug (Win32)|x64.ActiveCfg = Debug|Win32
		{9F347485-0492-4473-B597-0444687EEE3F}.Debug (Win32)|x86.ActiveCfg = Debug|Win32
		{9F347485-0492-4473-B597-0444687EEE3F}.Debug|Any CPU.ActiveCfg = Debug|Win32
		{9F347485-0492-4473-B597-0444687EEE3F}.Debug|Mixed Platforms.ActiveCfg = Debug|Win32
		{9F347485-0492-4473-B597-0444687EEE3F}.Debug|Mixed Platforms.Build.0 = Debug|Win32
		{9F347485-0492-4473-B597-0444687EEE3F}.Debug|Win32.ActiveCfg = Debug|Win32
		{9F347485-0492-4473-B597-0444687EEE3F}.Debug|Win32.Build.0 = Debug|Win32
		{9F347485-0492-4473-B597-0444687EEE3F}.Debug|x64.ActiveCfg = Debug|Win32
		{9F347485-0492-4473-B597-0444687EEE3F}.Debug|x86.ActiveCfg = Debug|Win32
		{9F347485-0492-4473-B597-0444687EEE3F}.Release|Any CPU.ActiveCfg = Release|Win32
		{9F347485-0492-4473-B597-0444687EEE3F}.Release|Mixed Platforms.ActiveCfg = Release|Win32
		{9F347485-0492-4473-B597-0444687EEE3F}.Release|Mixed Platforms.Build.0 = Release|Win32
		{9F347485-0492-4473-B597-0444687EEE3F}.Release|Win32.ActiveCfg = Release|Win32
		{9F347485-0492-4473-B597-0444687EEE3F}.Release|Win32.Build.0 = Release|Win32
		{9F347485-0492-4473-B597-0444687EEE3F}.Release|x64.ActiveCfg = Release|Win32
		{9F347485-0492-4473-B597-0444687EEE3F}.Release|x86.ActiveCfg = Release|Win32
		{9F347485-0492-4473-B597-0444687EEE3F}.ReleaseWdkCrt|Any CPU.ActiveCfg = Release|Win32
		{9F347485-0492-4473-B597-0444687EEE3F}.ReleaseWdkCrt|Mixed Platforms.ActiveCfg = Release|Win32
		{9F347485-0492-4473-B597-0444687EEE3F}.ReleaseWdkCrt|Mixed Platforms.Build.0 = Release|Win32
		{9F347485-0492-4473-B597-0444687EEE3F}.ReleaseWdkCrt|Win32.ActiveCfg = Release|Win32
		{9F347485-0492-4473-B597-0444687EEE3F}.ReleaseWdkCrt|Win32.Build.0 = Release|Win32
		{9F347485-0492-4473-B597-0444687EEE3F}.ReleaseWdkCrt|x64.ActiveCfg = Release|Win32
		{9F347485-0492-4473-B597-0444687EEE3F}.ReleaseWdkCrt|x86.ActiveCfg = Release|Win32
	EndGlobalSection
	GlobalSection(SolutionProperties) = preSolution
		HideSolutionNode = FALSE
	EndGlobalSection
	GlobalSection(NestedProjects) = preSolution
		{259F3184-C992-4858-AB00-3147438B280E} = {F7CE879A-78D1-4738-88F8-6EA6DFDB3172}
		{4A4BF248-A1B7-462A-B9CB-055D7FA49ADC} = {F7CE879A-78D1-4738-88F8-6EA6DFDB3172}
		{EFC2778C-4E9C-4BE1-8F58-C73086B847CF} = {F7CE879A-78D1-4738-88F8-6EA6DFDB3172}
		{8034DEA9-30CC-DEA0-3903-80210CE809FA} = {259F3184-C992-4858-AB00-3147438B280E}
		{9F347485-0492-4473-B597-0444687EEE3F} = {4A4BF248-A1B7-462A-B9CB-055D7FA49ADC}
		{51462126-2E74-41C9-BC24-DF55876732B7} = {3F741360-ECE1-42FF-B8E9-96D4A5DD2A30}
		{3FFFE88B-948B-4B8F-B843-264763B1EF37} = {3F741360-ECE1-42FF-B8E9-96D4A5DD2A30}
		{B8DB17E1-CE45-4354-8B3E-767648F3A2BE} = {3F741360-ECE1-42FF-B8E9-96D4A5DD2A30}
		{2D723AC0-293F-41C8-99A7-2DD8756556C7} = {3F741360-ECE1-42FF-B8E9-96D4A5DD2A30}
		{B3B22C2A-52B9-448F-8E13-8BCCFD6C0020} = {3F741360-ECE1-42FF-B8E9-96D4A5DD2A30}
		{E16DEC4D-DAF0-4415-A601-9B034BBFB630} = {3F741360-ECE1-42FF-B8E9-96D4A5DD2A30}
		{F0191CA8-AA6A-49D2-9E58-77A8334FB926} = {3F741360-ECE1-42FF-B8E9-96D4A5DD2A30}
		{BD12E835-5C52-4E5D-8234-1C579F33E27A} = {51462126-2E74-41C9-BC24-DF55876732B7}
		{AE3F6497-7880-4C08-B6E2-3AF05BCFB671} = {3FFFE88B-948B-4B8F-B843-264763B1EF37}
		{85DCFF40-BF5B-459A-BF20-377472BBF846} = {3FFFE88B-948B-4B8F-B843-264763B1EF37}
		{12BCA020-EABF-429E-876A-A476BC9C10C0} = {3FFFE88B-948B-4B8F-B843-264763B1EF37}
		{4214047C-F5C1-40B3-8369-5DCED8C32770} = {B8DB17E1-CE45-4354-8B3E-767648F3A2BE}
		{4CEE3392-89AC-4367-B219-42360CF91CBB} = {2D723AC0-293F-41C8-99A7-2DD8756556C7}
		{F172EFFC-E30F-4593-809E-DB2024B1E753} = {2D723AC0-293F-41C8-99A7-2DD8756556C7}
		{C8AFB8C3-FFFD-460F-BC13-9AC25D7B117C} = {B3B22C2A-52B9-448F-8E13-8BCCFD6C0020}
		{CB7DC8B9-C2B8-4352-908E-9230BA9906EE} = {3CC18A8E-B460-47C2-8FB5-B0EE8A3608D0}
		{66757FD0-C29F-4744-9C52-CE79E7E4289F} = {E16DEC4D-DAF0-4415-A601-9B034BBFB630}
		{E28A4D3E-E995-499D-A920-D155E5EA4A79} = {E16DEC4D-DAF0-4415-A601-9B034BBFB630}
		{860FFAEE-5D5F-44DA-8ED0-0F6987229545} = {F0191CA8-AA6A-49D2-9E58-77A8334FB926}
		{5E7C37E6-65DC-43EA-8C14-B325A8B3B2A7} = {F0191CA8-AA6A-49D2-9E58-77A8334FB926}
		{9566788F-9AEE-47EB-8FBE-4A1766E805D8} = {F0191CA8-AA6A-49D2-9E58-77A8334FB926}
	EndGlobalSection
EndGlobal
